
Microsoft Visual Studio Solution File, Format Version 12.00
# Visual Studio Version 16
VisualStudioVersion = 16.0.31112.23
MinimumVisualStudioVersion = 10.0.40219.1
Project("{FAE04EC0-301F-11D3-BF4B-00C04F79EFBC}") = "ConsoleApp1", "ConsoleApp1\ConsoleApp1.csproj", "{E2232BDA-7C64-4356-A011-83716E93D492}"
EndProject
Global
	GlobalSection(SolutionConfigurationPlatforms) = preSolution
		Debug|Any CPU = Debug|Any CPU
		Release|Any CPU = Release|Any CPU
	EndGlobalSection
	GlobalSection(ProjectConfigurationPlatforms) = postSolution
		{E2232BDA-7C64-4356-A011-83716E93D492}.Debug|Any CPU.ActiveCfg = Debug|Any CPU
		{E2232BDA-7C64-4356-A011-83716E93D492}.Debug|Any CPU.Build.0 = Debug|Any CPU
		{E2232BDA-7C64-4356-A011-83716E93D492}.Release|Any CPU.ActiveCfg = Release|Any CPU
		{E2232BDA-7C64-4356-A011-83716E93D492}.Release|Any CPU.Build.0 = Release|Any CPU
	EndGlobalSection
	GlobalSection(SolutionProperties) = preSolution
		HideSolutionNode = FALSE
	EndGlobalSection
	GlobalSection(ExtensibilityGlobals) = postSolution
		SolutionGuid = {FD9447B3-E051-478B-9F5A-E09A6BF10E7B}
	EndGlobalSection
EndGlobal
